
Microsoft Visual Studio Solution File, Format Version 12.00
# Visual Studio 15
VisualStudioVersion = 15.0.26124.0
MinimumVisualStudioVersion = 15.0.26124.0
Project("{2150E333-8FDC-42A3-9474-1A3956D46DE8}") = "src", "src", "{C33D8AE5-8E6F-4691-8F00-B8067F3A9E02}"
EndProject
Project("{FAE04EC0-301F-11D3-BF4B-00C04F79EFBC}") = "Domain", "src\Domain\Domain.csproj", "{0335BDF1-EB1E-43F2-8BD1-C6A2C69F887A}"
EndProject
Project("{FAE04EC0-301F-11D3-BF4B-00C04F79EFBC}") = "Infra", "src\Infra\Infra.csproj", "{6ABB5325-5222-4D4A-8BD5-F6C4F8AB3C7D}"
EndProject
Project("{2150E333-8FDC-42A3-9474-1A3956D46DE8}") = "_tests_", "_tests_", "{A1D029EA-1A0E-484C-90F2-DF82AAF64226}"
EndProject
Project("{FAE04EC0-301F-11D3-BF4B-00C04F79EFBC}") = "Domain.Tests", "_tests_\Domain.Tests\Domain.Tests.csproj", "{57455DE1-57CD-4A8A-9841-EC7656C81763}"
EndProject
Global
	GlobalSection(SolutionConfigurationPlatforms) = preSolution
		Debug|Any CPU = Debug|Any CPU
		Debug|x64 = Debug|x64
		Debug|x86 = Debug|x86
		Release|Any CPU = Release|Any CPU
		Release|x64 = Release|x64
		Release|x86 = Release|x86
	EndGlobalSection
	GlobalSection(SolutionProperties) = preSolution
		HideSolutionNode = FALSE
	EndGlobalSection
	GlobalSection(ProjectConfigurationPlatforms) = postSolution
		{0335BDF1-EB1E-43F2-8BD1-C6A2C69F887A}.Debug|Any CPU.ActiveCfg = Debug|Any CPU
		{0335BDF1-EB1E-43F2-8BD1-C6A2C69F887A}.Debug|Any CPU.Build.0 = Debug|Any CPU
		{0335BDF1-EB1E-43F2-8BD1-C6A2C69F887A}.Debug|x64.ActiveCfg = Debug|Any CPU
		{0335BDF1-EB1E-43F2-8BD1-C6A2C69F887A}.Debug|x64.Build.0 = Debug|Any CPU
		{0335BDF1-EB1E-43F2-8BD1-C6A2C69F887A}.Debug|x86.ActiveCfg = Debug|Any CPU
		{0335BDF1-EB1E-43F2-8BD1-C6A2C69F887A}.Debug|x86.Build.0 = Debug|Any CPU
		{0335BDF1-EB1E-43F2-8BD1-C6A2C69F887A}.Release|Any CPU.ActiveCfg = Release|Any CPU
		{0335BDF1-EB1E-43F2-8BD1-C6A2C69F887A}.Release|Any CPU.Build.0 = Release|Any CPU
		{0335BDF1-EB1E-43F2-8BD1-C6A2C69F887A}.Release|x64.ActiveCfg = Release|Any CPU
		{0335BDF1-EB1E-43F2-8BD1-C6A2C69F887A}.Release|x64.Build.0 = Release|Any CPU
		{0335BDF1-EB1E-43F2-8BD1-C6A2C69F887A}.Release|x86.ActiveCfg = Release|Any CPU
		{0335BDF1-EB1E-43F2-8BD1-C6A2C69F887A}.Release|x86.Build.0 = Release|Any CPU
		{6ABB5325-5222-4D4A-8BD5-F6C4F8AB3C7D}.Debug|Any CPU.ActiveCfg = Debug|Any CPU
		{6ABB5325-5222-4D4A-8BD5-F6C4F8AB3C7D}.Debug|Any CPU.Build.0 = Debug|Any CPU
		{6ABB5325-5222-4D4A-8BD5-F6C4F8AB3C7D}.Debug|x64.ActiveCfg = Debug|Any CPU
		{6ABB5325-5222-4D4A-8BD5-F6C4F8AB3C7D}.Debug|x64.Build.0 = Debug|Any CPU
		{6ABB5325-5222-4D4A-8BD5-F6C4F8AB3C7D}.Debug|x86.ActiveCfg = Debug|Any CPU
		{6ABB5325-5222-4D4A-8BD5-F6C4F8AB3C7D}.Debug|x86.Build.0 = Debug|Any CPU
		{6ABB5325-5222-4D4A-8BD5-F6C4F8AB3C7D}.Release|Any CPU.ActiveCfg = Release|Any CPU
		{6ABB5325-5222-4D4A-8BD5-F6C4F8AB3C7D}.Release|Any CPU.Build.0 = Release|Any CPU
		{6ABB5325-5222-4D4A-8BD5-F6C4F8AB3C7D}.Release|x64.ActiveCfg = Release|Any CPU
		{6ABB5325-5222-4D4A-8BD5-F6C4F8AB3C7D}.Release|x64.Build.0 = Release|Any CPU
		{6ABB5325-5222-4D4A-8BD5-F6C4F8AB3C7D}.Release|x86.ActiveCfg = Release|Any CPU
		{6ABB5325-5222-4D4A-8BD5-F6C4F8AB3C7D}.Release|x86.Build.0 = Release|Any CPU
		{57455DE1-57CD-4A8A-9841-EC7656C81763}.Debug|Any CPU.ActiveCfg = Debug|Any CPU
		{57455DE1-57CD-4A8A-9841-EC7656C81763}.Debug|Any CPU.Build.0 = Debug|Any CPU
		{57455DE1-57CD-4A8A-9841-EC7656C81763}.Debug|x64.ActiveCfg = Debug|Any CPU
		{57455DE1-57CD-4A8A-9841-EC7656C81763}.Debug|x64.Build.0 = Debug|Any CPU
		{57455DE1-57CD-4A8A-9841-EC7656C81763}.Debug|x86.ActiveCfg = Debug|Any CPU
		{57455DE1-57CD-4A8A-9841-EC7656C81763}.Debug|x86.Build.0 = Debug|Any CPU
		{57455DE1-57CD-4A8A-9841-EC7656C81763}.Release|Any CPU.ActiveCfg = Release|Any CPU
		{57455DE1-57CD-4A8A-9841-EC7656C81763}.Release|Any CPU.Build.0 = Release|Any CPU
		{57455DE1-57CD-4A8A-9841-EC7656C81763}.Release|x64.ActiveCfg = Release|Any CPU
		{57455DE1-57CD-4A8A-9841-EC7656C81763}.Release|x64.Build.0 = Release|Any CPU
		{57455DE1-57CD-4A8A-9841-EC7656C81763}.Release|x86.ActiveCfg = Release|Any CPU
		{57455DE1-57CD-4A8A-9841-EC7656C81763}.Release|x86.Build.0 = Release|Any CPU
	EndGlobalSection
	GlobalSection(NestedProjects) = preSolution
		{0335BDF1-EB1E-43F2-8BD1-C6A2C69F887A} = {C33D8AE5-8E6F-4691-8F00-B8067F3A9E02}
		{6ABB5325-5222-4D4A-8BD5-F6C4F8AB3C7D} = {C33D8AE5-8E6F-4691-8F00-B8067F3A9E02}
		{57455DE1-57CD-4A8A-9841-EC7656C81763} = {A1D029EA-1A0E-484C-90F2-DF82AAF64226}
	EndGlobalSection
EndGlobal
